
Microsoft Visual Studio Solution File, Format Version 12.00
# Visual Studio Version 17
VisualStudioVersion = 17.5.002.0
MinimumVisualStudioVersion = 10.0.40219.1
Project("{9A19103F-16F7-4668-BE54-9A1E7A4F7556}") = "WorkPlaceShedulesBlazor", "WorkPlaceShedulesBlazor.csproj", "{835A3345-CBD9-4759-89C5-41E253273BA6}"
EndProject
Global
	GlobalSection(SolutionConfigurationPlatforms) = preSolution
		Debug|Any CPU = Debug|Any CPU
		Release|Any CPU = Release|Any CPU
	EndGlobalSection
	GlobalSection(ProjectConfigurationPlatforms) = postSolution
		{835A3345-CBD9-4759-89C5-41E253273BA6}.Debug|Any CPU.ActiveCfg = Debug|Any CPU
		{835A3345-CBD9-4759-89C5-41E253273BA6}.Debug|Any CPU.Build.0 = Debug|Any CPU
		{835A3345-CBD9-4759-89C5-41E253273BA6}.Release|Any CPU.ActiveCfg = Release|Any CPU
		{835A3345-CBD9-4759-89C5-41E253273BA6}.Release|Any CPU.Build.0 = Release|Any CPU
	EndGlobalSection
	GlobalSection(SolutionProperties) = preSolution
		HideSolutionNode = FALSE
	EndGlobalSection
	GlobalSection(ExtensibilityGlobals) = postSolution
		SolutionGuid = {6F7C79A3-BE5E-418F-BDDA-C4FBD55DCB17}
	EndGlobalSection
EndGlobal
